
Microsoft Visual Studio Solution File, Format Version 12.00
# Visual Studio Version 17
VisualStudioVersion = 17.14.36327.8 d17.14
MinimumVisualStudioVersion = 10.0.40219.1
Project("{FAE04EC0-301F-11D3-BF4B-00C04F79EFBC}") = "DoubleEnemiesMod", "DoubleEnemiesMod.csproj", "{65218193-4214-430D-A58C-F83B343CD02F}"
EndProject
Global
	GlobalSection(SolutionConfigurationPlatforms) = preSolution
		Debug|Any CPU = Debug|Any CPU
		Release|Any CPU = Release|Any CPU
	EndGlobalSection
	GlobalSection(ProjectConfigurationPlatforms) = postSolution
		{65218193-4214-430D-A58C-F83B343CD02F}.Debug|Any CPU.ActiveCfg = Debug|Any CPU
		{65218193-4214-430D-A58C-F83B343CD02F}.Debug|Any CPU.Build.0 = Debug|Any CPU
		{65218193-4214-430D-A58C-F83B343CD02F}.Release|Any CPU.ActiveCfg = Release|Any CPU
		{65218193-4214-430D-A58C-F83B343CD02F}.Release|Any CPU.Build.0 = Release|Any CPU
	EndGlobalSection
	GlobalSection(SolutionProperties) = preSolution
		HideSolutionNode = FALSE
	EndGlobalSection
	GlobalSection(ExtensibilityGlobals) = postSolution
		SolutionGuid = {73D1ED46-DAE0-43A7-8A2C-0650E18EFDB2}
	EndGlobalSection
EndGlobal
